
Microsoft Visual Studio Solution File, Format Version 12.00
# Visual Studio 15
VisualStudioVersion = 15.0.28307.1145
MinimumVisualStudioVersion = 10.0.40219.1
Project("{888888A0-9F3D-457C-B088-3A5042F75D52}") = "LabsRIP", "LabsRIP\LabsRIP.pyproj", "{83917AFF-9B4F-455B-B874-1D1FCD816E70}"
EndProject
Project("{888888A0-9F3D-457C-B088-3A5042F75D52}") = "Lab2RIP", "Lab2RIP\Lab2RIP.pyproj", "{ED5EDA14-6B67-4F99-B437-7C52FE8177F8}"
EndProject
Project("{888888A0-9F3D-457C-B088-3A5042F75D52}") = "Lab3RIP", "Lab3RIP\Lab3RIP.pyproj", "{2C3F6B58-8794-4268-9244-9A98F19DF5AB}"
EndProject
Global
	GlobalSection(SolutionConfigurationPlatforms) = preSolution
		Debug|Any CPU = Debug|Any CPU
		Release|Any CPU = Release|Any CPU
	EndGlobalSection
	GlobalSection(ProjectConfigurationPlatforms) = postSolution
		{83917AFF-9B4F-455B-B874-1D1FCD816E70}.Debug|Any CPU.ActiveCfg = Debug|Any CPU
		{83917AFF-9B4F-455B-B874-1D1FCD816E70}.Release|Any CPU.ActiveCfg = Release|Any CPU
		{ED5EDA14-6B67-4F99-B437-7C52FE8177F8}.Debug|Any CPU.ActiveCfg = Debug|Any CPU
		{ED5EDA14-6B67-4F99-B437-7C52FE8177F8}.Release|Any CPU.ActiveCfg = Release|Any CPU
		{2C3F6B58-8794-4268-9244-9A98F19DF5AB}.Debug|Any CPU.ActiveCfg = Debug|Any CPU
		{2C3F6B58-8794-4268-9244-9A98F19DF5AB}.Release|Any CPU.ActiveCfg = Release|Any CPU
	EndGlobalSection
	GlobalSection(SolutionProperties) = preSolution
		HideSolutionNode = FALSE
	EndGlobalSection
	GlobalSection(ExtensibilityGlobals) = postSolution
		SolutionGuid = {23D519B5-2CFB-4825-A201-4F316164DE4F}
	EndGlobalSection
EndGlobal
